{
  "version": 4,
  "terraform_version": "1.8.3",
  "serial": 137,
  "lineage": "4c6f190e-e549-1839-d78c-e098e5d7a4be",
  "outputs": {
    "alb_controller_role_arn": {
      "value": "arn:aws:iam::222575804024:role/eks-modular-dev-alb-controller-role",
      "type": "string"
    },
    "cluster_certificate_authority_data": {
      "value": "LS0tLS1CRUdJTiBDRVJUSUZJQ0FURS0tLS0tCk1JSURCVENDQWUyZ0F3SUJBZ0lJTEtiTFJTSmZKZWd3RFFZSktvWklodmNOQVFFTEJRQXdGVEVUTUJFR0ExVUUKQXhNS2EzVmlaWEp1WlhSbGN6QWVGdzB5TlRFeE1USXhPRFUxTkRsYUZ3MHpOVEV4TVRBeE9UQXdORGxhTUJVeApFekFSQmdOVkJBTVRDbXQxWW1WeWJtVjBaWE13Z2dFaU1BMEdDU3FHU0liM0RRRUJBUVVBQTRJQkR3QXdnZ0VLCkFvSUJBUURMUVVXRHRKeCthV2c0VHAweHpKN2wzVWJzeUxxcC9HYk1EOEo4cGQ5NThZclRqZVNaR0dtSHEzeWcKVkVVditNVG4yRHFTMWJHd0FhRHhsN3Eyemg1aGlHK2FiZDlqZkU5VnJ2d083d0xPYXRuNUx2Ni9VV0huOW5TZApyOG11ZHEwR2JNdXpIbVRZN1RWV1VGUDMyUGFZM0FuTEx1cDREVmFhdTYxN0l1amhyV1oyeGNGL1BXYyttbzAyClNkbjlKbThBWnN5dFFIS1ZxYXNnMEpudDFsUmtVMTVpMlNHejJQYmk3Nmc3bzROek93Zm9YejdkYUlwWG9RdFkKTG1BZm56NTlEU2FxaDBWVWFyQkZFOWNKci9WTDlTYVJpYnJqTytxR01nUDV1ZTAxSFo4VWo1cGQrMkYvVEd3YQpYeFJrUWhMbHNhcDJRN1J0S2liUU5JMFplWmxmQWdNQkFBR2pXVEJYTUE0R0ExVWREd0VCL3dRRUF3SUNwREFQCkJnTlZIUk1CQWY4RUJUQURBUUgvTUIwR0ExVWREZ1FXQkJTbjg2K0NaekI0VXEvY3pMS3Z2NXJTVkNzZFRqQVYKQmdOVkhSRUVEakFNZ2dwcmRXSmxjbTVsZEdWek1BMEdDU3FHU0liM0RRRUJDd1VBQTRJQkFRQXo0R2tKcEZmYgowTHo1UCtaUWczUVM2R21zWGVtd2xyVUxTTXlLQW1ZZkNYamN3QlVwd3lMVWJWbjRJczlQRGpJbXFsSUlnTzlaCkk3OFljOElTanM4TUJ6cUJzclcyTWZFVi95dzRiVlhzbEpCY1BleDRTZkd0WmhjL1UzMTF1dXhDQ0hzSitTNEcKMUg5c25pTFBLVnVJSTFydVUzZDF4NUpFNXZOb2FJNmVHV3dMYmxtRURUUWd1T3RKby9Jd2RxS0N5K0d4K2QxWQpldEQwSU1YN2x5RnM4bXIydElxZllndzFaWGlDZFZOaTliVEZrOGdwY1lVMk1qeVpnSmRzVUNRbEpjazVrUnM5CnNsSG1mYlNrZTFuK1pGSno5SjBSMUZBR2w4VnZuTnNNamJUcENzQkRwbXY2TE11SmFBcWxwcGJ2cnZCNFd1dm8KVVZ3RXFhUkpyYjJxCi0tLS0tRU5EIENFUlRJRklDQVRFLS0tLS0K",
      "type": "string"
    },
    "cluster_endpoint": {
      "value": "https://E639DC8473F6DFBE064E4DD6665F0770.gr7.eu-north-1.eks.amazonaws.com",
      "type": "string"
    },
    "cluster_name": {
      "value": "eks-pvt-cluster",
      "type": "string"
    },
    "oidc_provider_arn": {
      "value": "https://oidc.eks.eu-north-1.amazonaws.com/id/E639DC8473F6DFBE064E4DD6665F0770",
      "type": "string"
    },
    "private_subnet_ids": {
      "value": [
        "subnet-0ada2b7c8ed5d33e2",
        "subnet-0138f106a61e3f7cb"
      ],
      "type": [
        "tuple",
        [
          "string",
          "string"
        ]
      ]
    },
    "public_subnet_ids": {
      "value": [
        "subnet-0b42970ef1c55f9c5",
        "subnet-0ace86bf0d2dcdf01"
      ],
      "type": [
        "tuple",
        [
          "string",
          "string"
        ]
      ]
    },
    "vpc_id": {
      "value": "vpc-051e6d4cf12fcf4b7",
      "type": "string"
    }
  },
  "resources": [
    {
      "mode": "data",
      "type": "aws_caller_identity",
      "name": "current",
      "provider": "provider[\"registry.terraform.io/hashicorp/aws\"]",
      "instances": [
        {
          "schema_version": 0,
          "attributes": {
            "account_id": "222575804024",
            "arn": "arn:aws:iam::222575804024:user/teraaform",
            "id": "222575804024",
            "user_id": "AIDATHUUNHZ4B2GUYGSZV"
          },
          "sensitive_attributes": []
        }
      ]
    },
    {
      "mode": "data",
      "type": "aws_eks_cluster",
      "name": "this",
      "provider": "provider[\"registry.terraform.io/hashicorp/aws\"]",
      "instances": [
        {
          "schema_version": 0,
          "attributes": {
            "access_config": [
              {
                "authentication_mode": "API",
                "bootstrap_cluster_creator_admin_permissions": true
              }
            ],
            "arn": "arn:aws:eks:eu-north-1:222575804024:cluster/eks-pvt-cluster",
            "certificate_authority": [
              {
                "data": "LS0tLS1CRUdJTiBDRVJUSUZJQ0FURS0tLS0tCk1JSURCVENDQWUyZ0F3SUJBZ0lJTEtiTFJTSmZKZWd3RFFZSktvWklodmNOQVFFTEJRQXdGVEVUTUJFR0ExVUUKQXhNS2EzVmlaWEp1WlhSbGN6QWVGdzB5TlRFeE1USXhPRFUxTkRsYUZ3MHpOVEV4TVRBeE9UQXdORGxhTUJVeApFekFSQmdOVkJBTVRDbXQxWW1WeWJtVjBaWE13Z2dFaU1BMEdDU3FHU0liM0RRRUJBUVVBQTRJQkR3QXdnZ0VLCkFvSUJBUURMUVVXRHRKeCthV2c0VHAweHpKN2wzVWJzeUxxcC9HYk1EOEo4cGQ5NThZclRqZVNaR0dtSHEzeWcKVkVVditNVG4yRHFTMWJHd0FhRHhsN3Eyemg1aGlHK2FiZDlqZkU5VnJ2d083d0xPYXRuNUx2Ni9VV0huOW5TZApyOG11ZHEwR2JNdXpIbVRZN1RWV1VGUDMyUGFZM0FuTEx1cDREVmFhdTYxN0l1amhyV1oyeGNGL1BXYyttbzAyClNkbjlKbThBWnN5dFFIS1ZxYXNnMEpudDFsUmtVMTVpMlNHejJQYmk3Nmc3bzROek93Zm9YejdkYUlwWG9RdFkKTG1BZm56NTlEU2FxaDBWVWFyQkZFOWNKci9WTDlTYVJpYnJqTytxR01nUDV1ZTAxSFo4VWo1cGQrMkYvVEd3YQpYeFJrUWhMbHNhcDJRN1J0S2liUU5JMFplWmxmQWdNQkFBR2pXVEJYTUE0R0ExVWREd0VCL3dRRUF3SUNwREFQCkJnTlZIUk1CQWY4RUJUQURBUUgvTUIwR0ExVWREZ1FXQkJTbjg2K0NaekI0VXEvY3pMS3Z2NXJTVkNzZFRqQVYKQmdOVkhSRUVEakFNZ2dwcmRXSmxjbTVsZEdWek1BMEdDU3FHU0liM0RRRUJDd1VBQTRJQkFRQXo0R2tKcEZmYgowTHo1UCtaUWczUVM2R21zWGVtd2xyVUxTTXlLQW1ZZkNYamN3QlVwd3lMVWJWbjRJczlQRGpJbXFsSUlnTzlaCkk3OFljOElTanM4TUJ6cUJzclcyTWZFVi95dzRiVlhzbEpCY1BleDRTZkd0WmhjL1UzMTF1dXhDQ0hzSitTNEcKMUg5c25pTFBLVnVJSTFydVUzZDF4NUpFNXZOb2FJNmVHV3dMYmxtRURUUWd1T3RKby9Jd2RxS0N5K0d4K2QxWQpldEQwSU1YN2x5RnM4bXIydElxZllndzFaWGlDZFZOaTliVEZrOGdwY1lVMk1qeVpnSmRzVUNRbEpjazVrUnM5CnNsSG1mYlNrZTFuK1pGSno5SjBSMUZBR2w4VnZuTnNNamJUcENzQkRwbXY2TE11SmFBcWxwcGJ2cnZCNFd1dm8KVVZ3RXFhUkpyYjJxCi0tLS0tRU5EIENFUlRJRklDQVRFLS0tLS0K"
              }
            ],
            "cluster_id": null,
            "compute_config": [
              {
                "enabled": false,
                "node_pools": [],
                "node_role_arn": ""
              }
            ],
            "created_at": "2025-11-12T18:54:59Z",
            "deletion_protection": false,
            "enabled_cluster_log_types": [],
            "endpoint": "https://E639DC8473F6DFBE064E4DD6665F0770.gr7.eu-north-1.eks.amazonaws.com",
            "id": "eks-pvt-cluster",
            "identity": [
              {
                "oidc": [
                  {
                    "issuer": "https://oidc.eks.eu-north-1.amazonaws.com/id/E639DC8473F6DFBE064E4DD6665F0770"
                  }
                ]
              }
            ],
            "kubernetes_network_config": [
              {
                "elastic_load_balancing": [
                  {
                    "enabled": false
                  }
                ],
                "ip_family": "ipv4",
                "service_ipv4_cidr": "172.20.0.0/16",
                "service_ipv6_cidr": ""
              }
            ],
            "name": "eks-pvt-cluster",
            "outpost_config": [],
            "platform_version": "eks.52",
            "region": "eu-north-1",
            "remote_network_config": [],
            "role_arn": "arn:aws:iam::222575804024:role/eks-modular-dev-eks-cluster-role",
            "status": "ACTIVE",
            "storage_config": [
              {
                "block_storage": [
                  {
                    "enabled": false
                  }
                ]
              }
            ],
            "tags": {
              "Name": "eks-modular-dev-eks-control-plane",
              "Project": "eks-modular-dev"
            },
            "upgrade_policy": [
              {
                "support_type": "EXTENDED"
              }
            ],
            "version": "1.30",
            "vpc_config": [
              {
                "cluster_security_group_id": "sg-0a0b788ce45003ae5",
                "endpoint_private_access": true,
                "endpoint_public_access": true,
                "public_access_cidrs": [
                  "0.0.0.0/0"
                ],
                "security_group_ids": [
                  "sg-0ae591995aae204e9"
                ],
                "subnet_ids": [
                  "subnet-0138f106a61e3f7cb",
                  "subnet-0ace86bf0d2dcdf01",
                  "subnet-0ada2b7c8ed5d33e2",
                  "subnet-0b42970ef1c55f9c5"
                ],
                "vpc_id": "vpc-051e6d4cf12fcf4b7"
              }
            ],
            "zonal_shift_config": []
          },
          "sensitive_attributes": []
        }
      ]
    },
    {
      "mode": "data",
      "type": "aws_eks_cluster_auth",
      "name": "this",
      "provider": "provider[\"registry.terraform.io/hashicorp/aws\"]",
      "instances": [
        {
          "schema_version": 0,
          "attributes": {
            "id": "eks-pvt-cluster",
            "name": "eks-pvt-cluster",
            "region": "eu-north-1",
            "token": "k8s-aws-v1.aHR0cHM6Ly9zdHMuZXUtbm9ydGgtMS5hbWF6b25hd3MuY29tLz9BY3Rpb249R2V0Q2FsbGVySWRlbnRpdHkmVmVyc2lvbj0yMDExLTA2LTE1JlgtQW16LUFsZ29yaXRobT1BV1M0LUhNQUMtU0hBMjU2JlgtQW16LUNyZWRlbnRpYWw9QUtJQVRIVVVOSFo0SEpONk1KNUslMkYyMDI1MTExMiUyRmV1LW5vcnRoLTElMkZzdHMlMkZhd3M0X3JlcXVlc3QmWC1BbXotRGF0ZT0yMDI1MTExMlQxOTQ0MDJaJlgtQW16LUV4cGlyZXM9MCZYLUFtei1TaWduZWRIZWFkZXJzPWhvc3QlM0J4LWs4cy1hd3MtaWQmWC1BbXotU2lnbmF0dXJlPWU0NWIzYmI5NGI4OTliZTcxNjhmYjExOGU5ODIzYTA3ZDEyZmI4NTEzNzQ3MDE2NWFkNzI1NTYzYjllNTk2N2M"
          },
          "sensitive_attributes": [
            [
              {
                "type": "get_attr",
                "value": "token"
              }
            ]
          ]
        }
      ]
    },
    {
      "module": "module.eks",
      "mode": "data",
      "type": "aws_eks_cluster",
      "name": "this",
      "provider": "provider[\"registry.terraform.io/hashicorp/aws\"]",
      "instances": [
        {
          "schema_version": 0,
          "attributes": {
            "access_config": [
              {
                "authentication_mode": "API",
                "bootstrap_cluster_creator_admin_permissions": true
              }
            ],
            "arn": "arn:aws:eks:eu-north-1:222575804024:cluster/eks-pvt-cluster",
            "certificate_authority": [
              {
                "data": "LS0tLS1CRUdJTiBDRVJUSUZJQ0FURS0tLS0tCk1JSURCVENDQWUyZ0F3SUJBZ0lJTEtiTFJTSmZKZWd3RFFZSktvWklodmNOQVFFTEJRQXdGVEVUTUJFR0ExVUUKQXhNS2EzVmlaWEp1WlhSbGN6QWVGdzB5TlRFeE1USXhPRFUxTkRsYUZ3MHpOVEV4TVRBeE9UQXdORGxhTUJVeApFekFSQmdOVkJBTVRDbXQxWW1WeWJtVjBaWE13Z2dFaU1BMEdDU3FHU0liM0RRRUJBUVVBQTRJQkR3QXdnZ0VLCkFvSUJBUURMUVVXRHRKeCthV2c0VHAweHpKN2wzVWJzeUxxcC9HYk1EOEo4cGQ5NThZclRqZVNaR0dtSHEzeWcKVkVVditNVG4yRHFTMWJHd0FhRHhsN3Eyemg1aGlHK2FiZDlqZkU5VnJ2d083d0xPYXRuNUx2Ni9VV0huOW5TZApyOG11ZHEwR2JNdXpIbVRZN1RWV1VGUDMyUGFZM0FuTEx1cDREVmFhdTYxN0l1amhyV1oyeGNGL1BXYyttbzAyClNkbjlKbThBWnN5dFFIS1ZxYXNnMEpudDFsUmtVMTVpMlNHejJQYmk3Nmc3bzROek93Zm9YejdkYUlwWG9RdFkKTG1BZm56NTlEU2FxaDBWVWFyQkZFOWNKci9WTDlTYVJpYnJqTytxR01nUDV1ZTAxSFo4VWo1cGQrMkYvVEd3YQpYeFJrUWhMbHNhcDJRN1J0S2liUU5JMFplWmxmQWdNQkFBR2pXVEJYTUE0R0ExVWREd0VCL3dRRUF3SUNwREFQCkJnTlZIUk1CQWY4RUJUQURBUUgvTUIwR0ExVWREZ1FXQkJTbjg2K0NaekI0VXEvY3pMS3Z2NXJTVkNzZFRqQVYKQmdOVkhSRUVEakFNZ2dwcmRXSmxjbTVsZEdWek1BMEdDU3FHU0liM0RRRUJDd1VBQTRJQkFRQXo0R2tKcEZmYgowTHo1UCtaUWczUVM2R21zWGVtd2xyVUxTTXlLQW1ZZkNYamN3QlVwd3lMVWJWbjRJczlQRGpJbXFsSUlnTzlaCkk3OFljOElTanM4TUJ6cUJzclcyTWZFVi95dzRiVlhzbEpCY1BleDRTZkd0WmhjL1UzMTF1dXhDQ0hzSitTNEcKMUg5c25pTFBLVnVJSTFydVUzZDF4NUpFNXZOb2FJNmVHV3dMYmxtRURUUWd1T3RKby9Jd2RxS0N5K0d4K2QxWQpldEQwSU1YN2x5RnM4bXIydElxZllndzFaWGlDZFZOaTliVEZrOGdwY1lVMk1qeVpnSmRzVUNRbEpjazVrUnM5CnNsSG1mYlNrZTFuK1pGSno5SjBSMUZBR2w4VnZuTnNNamJUcENzQkRwbXY2TE11SmFBcWxwcGJ2cnZCNFd1dm8KVVZ3RXFhUkpyYjJxCi0tLS0tRU5EIENFUlRJRklDQVRFLS0tLS0K"
              }
            ],
            "cluster_id": null,
            "compute_config": [
              {
                "enabled": false,
                "node_pools": [],
                "node_role_arn": ""
              }
            ],
            "created_at": "2025-11-12T18:54:59Z",
            "deletion_protection": false,
            "enabled_cluster_log_types": [],
            "endpoint": "https://E639DC8473F6DFBE064E4DD6665F0770.gr7.eu-north-1.eks.amazonaws.com",
            "id": "eks-pvt-cluster",
            "identity": [
              {
                "oidc": [
                  {
                    "issuer": "https://oidc.eks.eu-north-1.amazonaws.com/id/E639DC8473F6DFBE064E4DD6665F0770"
                  }
                ]
              }
            ],
            "kubernetes_network_config": [
              {
                "elastic_load_balancing": [
                  {
                    "enabled": false
                  }
                ],
                "ip_family": "ipv4",
                "service_ipv4_cidr": "172.20.0.0/16",
                "service_ipv6_cidr": ""
              }
            ],
            "name": "eks-pvt-cluster",
            "outpost_config": [],
            "platform_version": "eks.52",
            "region": "eu-north-1",
            "remote_network_config": [],
            "role_arn": "arn:aws:iam::222575804024:role/eks-modular-dev-eks-cluster-role",
            "status": "ACTIVE",
            "storage_config": [
              {
                "block_storage": [
                  {
                    "enabled": false
                  }
                ]
              }
            ],
            "tags": {
              "Name": "eks-modular-dev-eks-control-plane",
              "Project": "eks-modular-dev"
            },
            "upgrade_policy": [
              {
                "support_type": "EXTENDED"
              }
            ],
            "version": "1.30",
            "vpc_config": [
              {
                "cluster_security_group_id": "sg-0a0b788ce45003ae5",
                "endpoint_private_access": true,
                "endpoint_public_access": true,
                "public_access_cidrs": [
                  "0.0.0.0/0"
                ],
                "security_group_ids": [
                  "sg-0ae591995aae204e9"
                ],
                "subnet_ids": [
                  "subnet-0138f106a61e3f7cb",
                  "subnet-0ace86bf0d2dcdf01",
                  "subnet-0ada2b7c8ed5d33e2",
                  "subnet-0b42970ef1c55f9c5"
                ],
                "vpc_id": "vpc-051e6d4cf12fcf4b7"
              }
            ],
            "zonal_shift_config": []
          },
          "sensitive_attributes": []
        }
      ]
    },
    {
      "module": "module.eks",
      "mode": "managed",
      "type": "aws_eks_access_entry",
      "name": "admin",
      "provider": "provider[\"registry.terraform.io/hashicorp/aws\"]",
      "instances": [
        {
          "schema_version": 0,
          "attributes": {
            "access_entry_arn": "arn:aws:eks:eu-north-1:222575804024:access-entry/eks-pvt-cluster/user/222575804024/teraaform/36cd3cba-0b60-c12c-27b2-bd2273ea56ef",
            "cluster_name": "eks-pvt-cluster",
            "created_at": "2025-11-12T19:04:02Z",
            "id": "eks-pvt-cluster:arn:aws:iam::222575804024:user/teraaform",
            "kubernetes_groups": [],
            "modified_at": "2025-11-12T19:04:02Z",
            "principal_arn": "arn:aws:iam::222575804024:user/teraaform",
            "region": "eu-north-1",
            "tags": {},
            "tags_all": {},
            "timeouts": null,
            "type": "STANDARD",
            "user_name": "arn:aws:iam::222575804024:user/teraaform"
          },
          "sensitive_attributes": [],
          "private": "eyJlMmJmYjczMC1lY2FhLTExZTYtOGY4OC0zNDM2M2JjN2M0YzAiOnsiY3JlYXRlIjo2MDAwMDAwMDAwMDAsImRlbGV0ZSI6NjAwMDAwMDAwMDAwfX0=",
          "dependencies": [
            "data.aws_caller_identity.current",
            "module.eks.aws_eks_cluster.this",
            "module.iam.aws_iam_role.cluster",
            "module.sg.aws_security_group.eks_cluster",
            "module.vpc.aws_subnet.private",
            "module.vpc.aws_subnet.public",
            "module.vpc.aws_vpc.this"
          ]
        }
      ]
    },
    {
      "module": "module.eks",
      "mode": "managed",
      "type": "aws_eks_access_policy_association",
      "name": "admin_cluster",
      "provider": "provider[\"registry.terraform.io/hashicorp/aws\"]",
      "instances": [
        {
          "schema_version": 0,
          "attributes": {
            "access_scope": [
              {
                "namespaces": [],
                "type": "cluster"
              }
            ],
            "associated_at": "2025-11-12 19:04:03.616 +0000 UTC",
            "cluster_name": "eks-pvt-cluster",
            "id": "eks-pvt-cluster#arn:aws:iam::222575804024:user/teraaform#arn:aws:eks::aws:cluster-access-policy/AmazonEKSClusterAdminPolicy",
            "modified_at": "2025-11-12 19:04:03.616 +0000 UTC",
            "policy_arn": "arn:aws:eks::aws:cluster-access-policy/AmazonEKSClusterAdminPolicy",
            "principal_arn": "arn:aws:iam::222575804024:user/teraaform",
            "region": "eu-north-1",
            "timeouts": null
          },
          "sensitive_attributes": [],
          "private": "eyJlMmJmYjczMC1lY2FhLTExZTYtOGY4OC0zNDM2M2JjN2M0YzAiOnsiY3JlYXRlIjo2MDAwMDAwMDAwMDAsImRlbGV0ZSI6NjAwMDAwMDAwMDAwfX0=",
          "dependencies": [
            "data.aws_caller_identity.current",
            "module.eks.aws_eks_access_entry.admin",
            "module.eks.aws_eks_cluster.this",
            "module.iam.aws_iam_role.cluster",
            "module.sg.aws_security_group.eks_cluster",
            "module.vpc.aws_subnet.private",
            "module.vpc.aws_subnet.public",
            "module.vpc.aws_vpc.this"
          ]
        }
      ]
    },
    {
      "module": "module.eks",
      "mode": "managed",
      "type": "aws_eks_cluster",
      "name": "this",
      "provider": "provider[\"registry.terraform.io/hashicorp/aws\"]",
      "instances": [
        {
          "schema_version": 1,
          "attributes": {
            "access_config": [
              {
                "authentication_mode": "API",
                "bootstrap_cluster_creator_admin_permissions": false
              }
            ],
            "arn": "arn:aws:eks:eu-north-1:222575804024:cluster/eks-pvt-cluster",
            "bootstrap_self_managed_addons": true,
            "certificate_authority": [
              {
                "data": "LS0tLS1CRUdJTiBDRVJUSUZJQ0FURS0tLS0tCk1JSURCVENDQWUyZ0F3SUJBZ0lJTEtiTFJTSmZKZWd3RFFZSktvWklodmNOQVFFTEJRQXdGVEVUTUJFR0ExVUUKQXhNS2EzVmlaWEp1WlhSbGN6QWVGdzB5TlRFeE1USXhPRFUxTkRsYUZ3MHpOVEV4TVRBeE9UQXdORGxhTUJVeApFekFSQmdOVkJBTVRDbXQxWW1WeWJtVjBaWE13Z2dFaU1BMEdDU3FHU0liM0RRRUJBUVVBQTRJQkR3QXdnZ0VLCkFvSUJBUURMUVVXRHRKeCthV2c0VHAweHpKN2wzVWJzeUxxcC9HYk1EOEo4cGQ5NThZclRqZVNaR0dtSHEzeWcKVkVVditNVG4yRHFTMWJHd0FhRHhsN3Eyemg1aGlHK2FiZDlqZkU5VnJ2d083d0xPYXRuNUx2Ni9VV0huOW5TZApyOG11ZHEwR2JNdXpIbVRZN1RWV1VGUDMyUGFZM0FuTEx1cDREVmFhdTYxN0l1amhyV1oyeGNGL1BXYyttbzAyClNkbjlKbThBWnN5dFFIS1ZxYXNnMEpudDFsUmtVMTVpMlNHejJQYmk3Nmc3bzROek93Zm9YejdkYUlwWG9RdFkKTG1BZm56NTlEU2FxaDBWVWFyQkZFOWNKci9WTDlTYVJpYnJqTytxR01nUDV1ZTAxSFo4VWo1cGQrMkYvVEd3YQpYeFJrUWhMbHNhcDJRN1J0S2liUU5JMFplWmxmQWdNQkFBR2pXVEJYTUE0R0ExVWREd0VCL3dRRUF3SUNwREFQCkJnTlZIUk1CQWY4RUJUQURBUUgvTUIwR0ExVWREZ1FXQkJTbjg2K0NaekI0VXEvY3pMS3Z2NXJTVkNzZFRqQVYKQmdOVkhSRUVEakFNZ2dwcmRXSmxjbTVsZEdWek1BMEdDU3FHU0liM0RRRUJDd1VBQTRJQkFRQXo0R2tKcEZmYgowTHo1UCtaUWczUVM2R21zWGVtd2xyVUxTTXlLQW1ZZkNYamN3QlVwd3lMVWJWbjRJczlQRGpJbXFsSUlnTzlaCkk3OFljOElTanM4TUJ6cUJzclcyTWZFVi95dzRiVlhzbEpCY1BleDRTZkd0WmhjL1UzMTF1dXhDQ0hzSitTNEcKMUg5c25pTFBLVnVJSTFydVUzZDF4NUpFNXZOb2FJNmVHV3dMYmxtRURUUWd1T3RKby9Jd2RxS0N5K0d4K2QxWQpldEQwSU1YN2x5RnM4bXIydElxZllndzFaWGlDZFZOaTliVEZrOGdwY1lVMk1qeVpnSmRzVUNRbEpjazVrUnM5CnNsSG1mYlNrZTFuK1pGSno5SjBSMUZBR2w4VnZuTnNNamJUcENzQkRwbXY2TE11SmFBcWxwcGJ2cnZCNFd1dm8KVVZ3RXFhUkpyYjJxCi0tLS0tRU5EIENFUlRJRklDQVRFLS0tLS0K"
              }
            ],
            "cluster_id": null,
            "compute_config": [
              {
                "enabled": false,
                "node_pools": [],
                "node_role_arn": ""
              }
            ],
            "created_at": "2025-11-12T18:54:59Z",
            "deletion_protection": false,
            "enabled_cluster_log_types": [],
            "encryption_config": [],
            "endpoint": "https://E639DC8473F6DFBE064E4DD6665F0770.gr7.eu-north-1.eks.amazonaws.com",
            "force_update_version": null,
            "id": "eks-pvt-cluster",
            "identity": [
              {
                "oidc": [
                  {
                    "issuer": "https://oidc.eks.eu-north-1.amazonaws.com/id/E639DC8473F6DFBE064E4DD6665F0770"
                  }
                ]
              }
            ],
            "kubernetes_network_config": [
              {
                "elastic_load_balancing": [
                  {
                    "enabled": false
                  }
                ],
                "ip_family": "ipv4",
                "service_ipv4_cidr": "172.20.0.0/16",
                "service_ipv6_cidr": ""
              }
            ],
            "name": "eks-pvt-cluster",
            "outpost_config": [],
            "platform_version": "eks.52",
            "region": "eu-north-1",
            "remote_network_config": [],
            "role_arn": "arn:aws:iam::222575804024:role/eks-modular-dev-eks-cluster-role",
            "status": "ACTIVE",
            "storage_config": [
              {
                "block_storage": [
                  {
                    "enabled": false
                  }
                ]
              }
            ],
            "tags": {
              "Name": "eks-modular-dev-eks-control-plane",
              "Project": "eks-modular-dev"
            },
            "tags_all": {
              "Name": "eks-modular-dev-eks-control-plane",
              "Project": "eks-modular-dev"
            },
            "timeouts": null,
            "upgrade_policy": [
              {
                "support_type": "EXTENDED"
              }
            ],
            "version": "1.30",
            "vpc_config": [
              {
                "cluster_security_group_id": "sg-0a0b788ce45003ae5",
                "endpoint_private_access": true,
                "endpoint_public_access": true,
                "public_access_cidrs": [
                  "0.0.0.0/0"
                ],
                "security_group_ids": [
                  "sg-0ae591995aae204e9"
                ],
                "subnet_ids": [
                  "subnet-0138f106a61e3f7cb",
                  "subnet-0ace86bf0d2dcdf01",
                  "subnet-0ada2b7c8ed5d33e2",
                  "subnet-0b42970ef1c55f9c5"
                ],
                "vpc_id": "vpc-051e6d4cf12fcf4b7"
              }
            ],
            "zonal_shift_config": []
          },
          "sensitive_attributes": [],
          "private": "eyJlMmJmYjczMC1lY2FhLTExZTYtOGY4OC0zNDM2M2JjN2M0YzAiOnsiY3JlYXRlIjoxODAwMDAwMDAwMDAwLCJkZWxldGUiOjkwMDAwMDAwMDAwMCwidXBkYXRlIjozNjAwMDAwMDAwMDAwfSwic2NoZW1hX3ZlcnNpb24iOiIxIn0=",
          "dependencies": [
            "module.iam.aws_iam_role.cluster",
            "module.sg.aws_security_group.eks_cluster",
            "module.vpc.aws_subnet.private",
            "module.vpc.aws_subnet.public",
            "module.vpc.aws_vpc.this"
          ]
        }
      ]
    },
    {
      "module": "module.eks",
      "mode": "managed",
      "type": "aws_eks_node_group",
      "name": "this",
      "provider": "provider[\"registry.terraform.io/hashicorp/aws\"]",
      "instances": [
        {
          "schema_version": 0,
          "attributes": {
            "ami_type": "AL2023_x86_64_STANDARD",
            "arn": "arn:aws:eks:eu-north-1:222575804024:nodegroup/eks-pvt-cluster/eks-modular-dev-ng/3ccd3cba-0b39-684d-8491-d424fd1d716c",
            "capacity_type": "ON_DEMAND",
            "cluster_name": "eks-pvt-cluster",
            "disk_size": 20,
            "force_update_version": null,
            "id": "eks-pvt-cluster:eks-modular-dev-ng",
            "instance_types": [
              "t3.medium"
            ],
            "labels": {},
            "launch_template": [],
            "node_group_name": "eks-modular-dev-ng",
            "node_group_name_prefix": "",
            "node_repair_config": [],
            "node_role_arn": "arn:aws:iam::222575804024:role/eks-modular-dev-eks-node-role",
            "region": "eu-north-1",
            "release_version": "1.30.14-20251108",
            "remote_access": [],
            "resources": [
              {
                "autoscaling_groups": [
                  {
                    "name": "eks-eks-modular-dev-ng-3ccd3cba-0b39-684d-8491-d424fd1d716c"
                  }
                ],
                "remote_access_security_group_id": ""
              }
            ],
            "scaling_config": [
              {
                "desired_size": 2,
                "max_size": 3,
                "min_size": 1
              }
            ],
            "status": "ACTIVE",
            "subnet_ids": [
              "subnet-0138f106a61e3f7cb",
              "subnet-0ada2b7c8ed5d33e2"
            ],
            "tags": {
              "Name": "eks-modular-dev-worker-node",
              "Project": "eks-modular-dev"
            },
            "tags_all": {
              "Name": "eks-modular-dev-worker-node",
              "Project": "eks-modular-dev"
            },
            "taint": [],
            "timeouts": null,
            "update_config": [
              {
                "max_unavailable": 1,
                "max_unavailable_percentage": 0
              }
            ],
            "version": "1.30"
          },
          "sensitive_attributes": [],
          "private": "eyJlMmJmYjczMC1lY2FhLTExZTYtOGY4OC0zNDM2M2JjN2M0YzAiOnsiY3JlYXRlIjozNjAwMDAwMDAwMDAwLCJkZWxldGUiOjM2MDAwMDAwMDAwMDAsInVwZGF0ZSI6MzYwMDAwMDAwMDAwMH19",
          "dependencies": [
            "module.eks.aws_eks_cluster.this",
            "module.iam.aws_iam_role.cluster",
            "module.iam.aws_iam_role.node",
            "module.sg.aws_security_group.eks_cluster",
            "module.vpc.aws_subnet.private",
            "module.vpc.aws_subnet.public",
            "module.vpc.aws_vpc.this"
          ]
        }
      ]
    },
    {
      "module": "module.iam",
      "mode": "managed",
      "type": "aws_iam_policy",
      "name": "alb_controller_policy",
      "provider": "provider[\"registry.terraform.io/hashicorp/aws\"]",
      "instances": [
        {
          "schema_version": 0,
          "attributes": {
            "arn": "arn:aws:iam::222575804024:policy/eks-modular-dev-alb-controller-policy",
            "attachment_count": 1,
            "description": "IAM policy for AWS Load Balancer Controller",
            "id": "arn:aws:iam::222575804024:policy/eks-modular-dev-alb-controller-policy",
            "name": "eks-modular-dev-alb-controller-policy",
            "name_prefix": "",
            "path": "/",
            "policy": "{\"Statement\":[{\"Action\":[\"iam:CreateServiceLinkedRole\",\"ec2:DescribeAccountAttributes\",\"ec2:DescribeAddresses\",\"ec2:DescribeAvailabilityZones\",\"ec2:DescribeInternetGateways\",\"ec2:DescribeVpcs\",\"ec2:DescribeSubnets\",\"ec2:DescribeSecurityGroups\",\"ec2:DescribeInstances\",\"ec2:DescribeNetworkInterfaces\",\"ec2:DescribeTags\",\"ec2:GetCoipPoolUsage\",\"ec2:DescribeCoipPools\",\"elasticloadbalancing:DescribeLoadBalancers\",\"elasticloadbalancing:DescribeLoadBalancerAttributes\",\"elasticloadbalancing:DescribeListeners\",\"elasticloadbalancing:DescribeListenerCertificates\",\"elasticloadbalancing:DescribeSSLPolicies\",\"elasticloadbalancing:DescribeRules\",\"elasticloadbalancing:DescribeTargetGroups\",\"elasticloadbalancing:DescribeTargetGroupAttributes\",\"elasticloadbalancing:DescribeTargetHealth\",\"elasticloadbalancing:DescribeTags\",\"elasticloadbalancing:DescribeLoadBalancerPolicies\",\"elasticloadbalancing:DescribeLoadBalancerTypes\"],\"Effect\":\"Allow\",\"Resource\":\"*\"},{\"Action\":[\"cognito-idp:DescribeUserPoolClient\",\"acm:ListCertificates\",\"acm:DescribeCertificate\",\"iam:ListServerCertificates\",\"iam:GetServerCertificate\",\"waf-regional:GetWebACL\",\"waf-regional:GetWebACLForResource\",\"waf-regional:AssociateWebACL\",\"waf-regional:DisassociateWebACL\",\"wafv2:GetWebACL\",\"wafv2:GetWebACLForResource\",\"wafv2:AssociateWebACL\",\"wafv2:DisassociateWebACL\",\"shield:GetSubscriptionState\",\"shield:DescribeProtection\",\"shield:CreateProtection\",\"shield:DeleteProtection\"],\"Effect\":\"Allow\",\"Resource\":\"*\"},{\"Action\":[\"ec2:AuthorizeSecurityGroupIngress\",\"ec2:RevokeSecurityGroupIngress\"],\"Effect\":\"Allow\",\"Resource\":\"*\"},{\"Action\":[\"ec2:CreateSecurityGroup\"],\"Effect\":\"Allow\",\"Resource\":\"*\"},{\"Action\":[\"ec2:CreateTags\"],\"Condition\":{\"Null\":{\"aws:RequestTag/elbv2.k8s.aws/cluster\":\"false\"},\"StringEquals\":{\"ec2:CreateAction\":\"CreateSecurityGroup\"}},\"Effect\":\"Allow\",\"Resource\":\"arn:aws:ec2:*:*:security-group/*\"},{\"Action\":[\"ec2:CreateTags\",\"ec2:DeleteTags\"],\"Condition\":{\"Null\":{\"aws:RequestTag/elbv2.k8s.aws/cluster\":\"true\",\"aws:ResourceTag/elbv2.k8s.aws/cluster\":\"false\"}},\"Effect\":\"Allow\",\"Resource\":\"arn:aws:ec2:*:*:security-group/*\"},{\"Action\":[\"ec2:AuthorizeSecurityGroupIngress\",\"ec2:RevokeSecurityGroupIngress\",\"ec2:DeleteSecurityGroup\"],\"Condition\":{\"Null\":{\"aws:ResourceTag/elbv2.k8s.aws/cluster\":\"false\"}},\"Effect\":\"Allow\",\"Resource\":\"*\"},{\"Action\":[\"elasticloadbalancing:CreateLoadBalancer\",\"elasticloadbalancing:CreateTargetGroup\"],\"Condition\":{\"Null\":{\"aws:RequestTag/elbv2.k8s.aws/cluster\":\"false\"}},\"Effect\":\"Allow\",\"Resource\":\"*\"},{\"Action\":[\"elasticloadbalancing:CreateListener\",\"elasticloadbalancing:DeleteListener\",\"elasticloadbalancing:CreateRule\",\"elasticloadbalancing:DeleteRule\"],\"Effect\":\"Allow\",\"Resource\":\"*\"},{\"Action\":[\"elasticloadbalancing:AddTags\",\"elasticloadbalancing:RemoveTags\"],\"Condition\":{\"Null\":{\"aws:RequestTag/elbv2.k8s.aws/cluster\":\"true\",\"aws:ResourceTag/elbv2.k8s.aws/cluster\":\"false\"}},\"Effect\":\"Allow\",\"Resource\":[\"arn:aws:elasticloadbalancing:*:*:targetgroup/*/*\",\"arn:aws:elasticloadbalancing:*:*:loadbalancer/net/*/*\",\"arn:aws:elasticloadbalancing:*:*:loadbalancer/app/*/*\"]},{\"Action\":[\"elasticloadbalancing:ModifyLoadBalancerAttributes\",\"elasticloadbalancing:SetIpAddressType\",\"elasticloadbalancing:SetSecurityGroups\",\"elasticloadbalancing:SetSubnets\",\"elasticloadbalancing:DeleteLoadBalancer\",\"elasticloadbalancing:ModifyTargetGroup\",\"elasticloadbalancing:ModifyTargetGroupAttributes\",\"elasticloadbalancing:DeleteTargetGroup\"],\"Condition\":{\"Null\":{\"aws:ResourceTag/elbv2.k8s.aws/cluster\":\"false\"}},\"Effect\":\"Allow\",\"Resource\":\"*\"},{\"Action\":[\"elasticloadbalancing:RegisterTargets\",\"elasticloadbalancing:DeregisterTargets\"],\"Effect\":\"Allow\",\"Resource\":\"arn:aws:elasticloadbalancing:*:*:targetgroup/*/*\"},{\"Action\":[\"elasticloadbalancing:SetWebAcl\",\"elasticloadbalancing:ModifyListener\",\"elasticloadbalancing:AddListenerCertificates\",\"elasticloadbalancing:RemoveListenerCertificates\",\"elasticloadbalancing:ModifyRule\",\"elasticloadbalancing:DescribeListenerAttributes\",\"elasticloadbalancing:DescribeLoadBalancerAttributes\",\"elasticloadbalancing:DescribeTargetGroupAttributes\"],\"Effect\":\"Allow\",\"Resource\":\"*\"}],\"Version\":\"2012-10-17\"}",
            "policy_id": "ANPATHUUNHZ4KRQYGB73N",
            "tags": {
              "Name": "eks-modular-dev-alb-controller-policy"
            },
            "tags_all": {
              "Name": "eks-modular-dev-alb-controller-policy"
            }
          },
          "sensitive_attributes": [],
          "private": "bnVsbA=="
        }
      ]
    },
    {
      "module": "module.iam",
      "mode": "managed",
      "type": "aws_iam_policy",
      "name": "eks_elb_policy",
      "provider": "provider[\"registry.terraform.io/hashicorp/aws\"]",
      "instances": [
        {
          "schema_version": 0,
          "attributes": {
            "arn": "arn:aws:iam::222575804024:policy/eks-modular-dev-eks-elb-policy",
            "attachment_count": 0,
            "description": "Policy to allow EKS control plane to create and manage AWS Load Balancers",
            "id": "arn:aws:iam::222575804024:policy/eks-modular-dev-eks-elb-policy",
            "name": "eks-modular-dev-eks-elb-policy",
            "name_prefix": "",
            "path": "/",
            "policy": "{\"Statement\":[{\"Action\":[\"ec2:DescribeAvailabilityZones\",\"ec2:DescribeSubnets\",\"ec2:DescribeVpcs\",\"ec2:DescribeSecurityGroups\",\"ec2:DescribeInstances\",\"ec2:DescribeRouteTables\",\"ec2:CreateTags\",\"ec2:AuthorizeSecurityGroupIngress\",\"elasticloadbalancing:*\",\"iam:CreateServiceLinkedRole\"],\"Effect\":\"Allow\",\"Resource\":\"*\"}],\"Version\":\"2012-10-17\"}",
            "policy_id": "ANPATHUUNHZ4GP45LR3SH",
            "tags": null,
            "tags_all": {}
          },
          "sensitive_attributes": [],
          "private": "bnVsbA=="
        }
      ]
    },
    {
      "module": "module.iam",
      "mode": "managed",
      "type": "aws_iam_role",
      "name": "alb_controller_role",
      "provider": "provider[\"registry.terraform.io/hashicorp/aws\"]",
      "instances": [
        {
          "schema_version": 0,
          "attributes": {
            "arn": "arn:aws:iam::222575804024:role/eks-modular-dev-alb-controller-role",
            "assume_role_policy": "{\"Statement\":[{\"Action\":\"sts:AssumeRoleWithWebIdentity\",\"Condition\":{\"StringEquals\":{\"oidc.eks.eu-north-1.amazonaws.com/id/E639DC8473F6DFBE064E4DD6665F0770:aud\":\"sts.amazonaws.com\",\"oidc.eks.eu-north-1.amazonaws.com/id/E639DC8473F6DFBE064E4DD6665F0770:sub\":\"system:serviceaccount:kube-system:aws-load-balancer-controller\"}},\"Effect\":\"Allow\",\"Principal\":{\"Federated\":\"arn:aws:iam::222575804024:oidc-provider/oidc.eks.eu-north-1.amazonaws.com/id/E639DC8473F6DFBE064E4DD6665F0770\"}}],\"Version\":\"2012-10-17\"}",
            "create_date": "2025-11-12T19:04:03Z",
            "description": "",
            "force_detach_policies": false,
            "id": "eks-modular-dev-alb-controller-role",
            "inline_policy": [],
            "managed_policy_arns": [
              "arn:aws:iam::222575804024:policy/eks-modular-dev-alb-controller-policy"
            ],
            "max_session_duration": 3600,
            "name": "eks-modular-dev-alb-controller-role",
            "name_prefix": "",
            "path": "/",
            "permissions_boundary": "",
            "tags": {
              "Name": "eks-modular-dev-alb-controller-role"
            },
            "tags_all": {
              "Name": "eks-modular-dev-alb-controller-role"
            },
            "unique_id": "AROATHUUNHZ4AG5YOO2YS"
          },
          "sensitive_attributes": [],
          "private": "bnVsbA==",
          "dependencies": [
            "data.aws_caller_identity.current",
            "module.eks.aws_eks_cluster.this",
            "module.iam.aws_iam_role.cluster",
            "module.sg.aws_security_group.eks_cluster",
            "module.vpc.aws_subnet.private",
            "module.vpc.aws_subnet.public",
            "module.vpc.aws_vpc.this"
          ]
        }
      ]
    },
    {
      "module": "module.iam",
      "mode": "managed",
      "type": "aws_iam_role",
      "name": "cluster",
      "provider": "provider[\"registry.terraform.io/hashicorp/aws\"]",
      "instances": [
        {
          "schema_version": 0,
          "attributes": {
            "arn": "arn:aws:iam::222575804024:role/eks-modular-dev-eks-cluster-role",
            "assume_role_policy": "{\"Statement\":[{\"Action\":[\"sts:AssumeRole\",\"sts:TagSession\"],\"Effect\":\"Allow\",\"Principal\":{\"Service\":\"eks.amazonaws.com\"}}],\"Version\":\"2012-10-17\"}",
            "create_date": "2025-11-12T18:54:38Z",
            "description": "",
            "force_detach_policies": false,
            "id": "eks-modular-dev-eks-cluster-role",
            "inline_policy": [],
            "managed_policy_arns": [
              "arn:aws:iam::aws:policy/AmazonEKSBlockStoragePolicy",
              "arn:aws:iam::aws:policy/AmazonEKSComputePolicy",
              "arn:aws:iam::aws:policy/AmazonEKSLoadBalancingPolicy",
              "arn:aws:iam::aws:policy/AmazonEKSNetworkingPolicy"
            ],
            "max_session_duration": 3600,
            "name": "eks-modular-dev-eks-cluster-role",
            "name_prefix": "",
            "path": "/",
            "permissions_boundary": "",
            "tags": {
              "Name": "eks-modular-dev-eks-cluster-role"
            },
            "tags_all": {
              "Name": "eks-modular-dev-eks-cluster-role"
            },
            "unique_id": "AROATHUUNHZ4B6UTL7JIS"
          },
          "sensitive_attributes": [],
          "private": "bnVsbA=="
        }
      ]
    },
    {
      "module": "module.iam",
      "mode": "managed",
      "type": "aws_iam_role",
      "name": "node",
      "provider": "provider[\"registry.terraform.io/hashicorp/aws\"]",
      "instances": [
        {
          "schema_version": 0,
          "attributes": {
            "arn": "arn:aws:iam::222575804024:role/eks-modular-dev-eks-node-role",
            "assume_role_policy": "{\"Statement\":[{\"Action\":\"sts:AssumeRole\",\"Effect\":\"Allow\",\"Principal\":{\"Service\":\"ec2.amazonaws.com\"}}],\"Version\":\"2012-10-17\"}",
            "create_date": "2025-11-12T18:54:38Z",
            "description": "",
            "force_detach_policies": false,
            "id": "eks-modular-dev-eks-node-role",
            "inline_policy": [],
            "managed_policy_arns": [
              "arn:aws:iam::aws:policy/AmazonEC2ContainerRegistryReadOnly",
              "arn:aws:iam::aws:policy/AmazonEKSWorkerNodePolicy",
              "arn:aws:iam::aws:policy/AmazonEKS_CNI_Policy",
              "arn:aws:iam::aws:policy/AmazonSSMManagedInstanceCore"
            ],
            "max_session_duration": 3600,
            "name": "eks-modular-dev-eks-node-role",
            "name_prefix": "",
            "path": "/",
            "permissions_boundary": "",
            "tags": {
              "Name": "eks-modular-dev-eks-node-role"
            },
            "tags_all": {
              "Name": "eks-modular-dev-eks-node-role"
            },
            "unique_id": "AROATHUUNHZ4JBJSMXGRH"
          },
          "sensitive_attributes": [],
          "private": "bnVsbA=="
        }
      ]
    },
    {
      "module": "module.iam",
      "mode": "managed",
      "type": "aws_iam_role_policy_attachment",
      "name": "alb_controller_policy_attach",
      "provider": "provider[\"registry.terraform.io/hashicorp/aws\"]",
      "instances": [
        {
          "schema_version": 0,
          "attributes": {
            "id": "eks-modular-dev-alb-controller-role/arn:aws:iam::222575804024:policy/eks-modular-dev-alb-controller-policy",
            "policy_arn": "arn:aws:iam::222575804024:policy/eks-modular-dev-alb-controller-policy",
            "role": "eks-modular-dev-alb-controller-role"
          },
          "sensitive_attributes": [],
          "private": "bnVsbA==",
          "dependencies": [
            "data.aws_caller_identity.current",
            "module.eks.aws_eks_cluster.this",
            "module.iam.aws_iam_policy.alb_controller_policy",
            "module.iam.aws_iam_role.alb_controller_role",
            "module.iam.aws_iam_role.cluster",
            "module.sg.aws_security_group.eks_cluster",
            "module.vpc.aws_subnet.private",
            "module.vpc.aws_subnet.public",
            "module.vpc.aws_vpc.this"
          ]
        }
      ]
    },
    {
      "module": "module.iam",
      "mode": "managed",
      "type": "aws_iam_role_policy_attachment",
      "name": "cluster_block",
      "provider": "provider[\"registry.terraform.io/hashicorp/aws\"]",
      "instances": [
        {
          "schema_version": 0,
          "attributes": {
            "id": "eks-modular-dev-eks-cluster-role/arn:aws:iam::aws:policy/AmazonEKSBlockStoragePolicy",
            "policy_arn": "arn:aws:iam::aws:policy/AmazonEKSBlockStoragePolicy",
            "role": "eks-modular-dev-eks-cluster-role"
          },
          "sensitive_attributes": [],
          "private": "bnVsbA==",
          "dependencies": [
            "module.iam.aws_iam_role.cluster"
          ]
        }
      ]
    },
    {
      "module": "module.iam",
      "mode": "managed",
      "type": "aws_iam_role_policy_attachment",
      "name": "cluster_compute",
      "provider": "provider[\"registry.terraform.io/hashicorp/aws\"]",
      "instances": [
        {
          "schema_version": 0,
          "attributes": {
            "id": "eks-modular-dev-eks-cluster-role/arn:aws:iam::aws:policy/AmazonEKSComputePolicy",
            "policy_arn": "arn:aws:iam::aws:policy/AmazonEKSComputePolicy",
            "role": "eks-modular-dev-eks-cluster-role"
          },
          "sensitive_attributes": [],
          "private": "bnVsbA==",
          "dependencies": [
            "module.iam.aws_iam_role.cluster"
          ]
        }
      ]
    },
    {
      "module": "module.iam",
      "mode": "managed",
      "type": "aws_iam_role_policy_attachment",
      "name": "cluster_elb_attach",
      "provider": "provider[\"registry.terraform.io/hashicorp/aws\"]",
      "instances": [
        {
          "schema_version": 0,
          "attributes": {
            "id": "eks-modular-dev-eks-cluster-role/arn:aws:iam::222575804024:policy/eks-modular-dev-eks-elb-policy",
            "policy_arn": "arn:aws:iam::222575804024:policy/eks-modular-dev-eks-elb-policy",
            "role": "eks-modular-dev-eks-cluster-role"
          },
          "sensitive_attributes": [],
          "private": "bnVsbA==",
          "dependencies": [
            "module.iam.aws_iam_policy.eks_elb_policy",
            "module.iam.aws_iam_role.cluster"
          ]
        }
      ]
    },
    {
      "module": "module.iam",
      "mode": "managed",
      "type": "aws_iam_role_policy_attachment",
      "name": "cluster_lb",
      "provider": "provider[\"registry.terraform.io/hashicorp/aws\"]",
      "instances": [
        {
          "schema_version": 0,
          "attributes": {
            "id": "eks-modular-dev-eks-cluster-role/arn:aws:iam::aws:policy/AmazonEKSLoadBalancingPolicy",
            "policy_arn": "arn:aws:iam::aws:policy/AmazonEKSLoadBalancingPolicy",
            "role": "eks-modular-dev-eks-cluster-role"
          },
          "sensitive_attributes": [],
          "private": "bnVsbA==",
          "dependencies": [
            "module.iam.aws_iam_role.cluster"
          ]
        }
      ]
    },
    {
      "module": "module.iam",
      "mode": "managed",
      "type": "aws_iam_role_policy_attachment",
      "name": "cluster_net",
      "provider": "provider[\"registry.terraform.io/hashicorp/aws\"]",
      "instances": [
        {
          "schema_version": 0,
          "attributes": {
            "id": "eks-modular-dev-eks-cluster-role/arn:aws:iam::aws:policy/AmazonEKSNetworkingPolicy",
            "policy_arn": "arn:aws:iam::aws:policy/AmazonEKSNetworkingPolicy",
            "role": "eks-modular-dev-eks-cluster-role"
          },
          "sensitive_attributes": [],
          "private": "bnVsbA==",
          "dependencies": [
            "module.iam.aws_iam_role.cluster"
          ]
        }
      ]
    },
    {
      "module": "module.iam",
      "mode": "managed",
      "type": "aws_iam_role_policy_attachment",
      "name": "node_cni",
      "provider": "provider[\"registry.terraform.io/hashicorp/aws\"]",
      "instances": [
        {
          "schema_version": 0,
          "attributes": {
            "id": "eks-modular-dev-eks-node-role/arn:aws:iam::aws:policy/AmazonEKS_CNI_Policy",
            "policy_arn": "arn:aws:iam::aws:policy/AmazonEKS_CNI_Policy",
            "role": "eks-modular-dev-eks-node-role"
          },
          "sensitive_attributes": [],
          "private": "bnVsbA==",
          "dependencies": [
            "module.iam.aws_iam_role.node"
          ]
        }
      ]
    },
    {
      "module": "module.iam",
      "mode": "managed",
      "type": "aws_iam_role_policy_attachment",
      "name": "node_ecr",
      "provider": "provider[\"registry.terraform.io/hashicorp/aws\"]",
      "instances": [
        {
          "schema_version": 0,
          "attributes": {
            "id": "eks-modular-dev-eks-node-role/arn:aws:iam::aws:policy/AmazonEC2ContainerRegistryReadOnly",
            "policy_arn": "arn:aws:iam::aws:policy/AmazonEC2ContainerRegistryReadOnly",
            "role": "eks-modular-dev-eks-node-role"
          },
          "sensitive_attributes": [],
          "private": "bnVsbA==",
          "dependencies": [
            "module.iam.aws_iam_role.node"
          ]
        }
      ]
    },
    {
      "module": "module.iam",
      "mode": "managed",
      "type": "aws_iam_role_policy_attachment",
      "name": "node_ssm",
      "provider": "provider[\"registry.terraform.io/hashicorp/aws\"]",
      "instances": [
        {
          "schema_version": 0,
          "attributes": {
            "id": "eks-modular-dev-eks-node-role/arn:aws:iam::aws:policy/AmazonSSMManagedInstanceCore",
            "policy_arn": "arn:aws:iam::aws:policy/AmazonSSMManagedInstanceCore",
            "role": "eks-modular-dev-eks-node-role"
          },
          "sensitive_attributes": [],
          "private": "bnVsbA==",
          "dependencies": [
            "module.iam.aws_iam_role.node"
          ]
        }
      ]
    },
    {
      "module": "module.iam",
      "mode": "managed",
      "type": "aws_iam_role_policy_attachment",
      "name": "node_worker",
      "provider": "provider[\"registry.terraform.io/hashicorp/aws\"]",
      "instances": [
        {
          "schema_version": 0,
          "attributes": {
            "id": "eks-modular-dev-eks-node-role/arn:aws:iam::aws:policy/AmazonEKSWorkerNodePolicy",
            "policy_arn": "arn:aws:iam::aws:policy/AmazonEKSWorkerNodePolicy",
            "role": "eks-modular-dev-eks-node-role"
          },
          "sensitive_attributes": [],
          "private": "bnVsbA==",
          "dependencies": [
            "module.iam.aws_iam_role.node"
          ]
        }
      ]
    },
    {
      "module": "module.sg",
      "mode": "managed",
      "type": "aws_security_group",
      "name": "eks_cluster",
      "provider": "provider[\"registry.terraform.io/hashicorp/aws\"]",
      "instances": [
        {
          "schema_version": 1,
          "attributes": {
            "arn": "arn:aws:ec2:eu-north-1:222575804024:security-group/sg-0ae591995aae204e9",
            "description": "Security group for EKS control plane",
            "egress": [
              {
                "cidr_blocks": [
                  "0.0.0.0/0"
                ],
                "description": "",
                "from_port": 0,
                "ipv6_cidr_blocks": [],
                "prefix_list_ids": [],
                "protocol": "-1",
                "security_groups": [],
                "self": false,
                "to_port": 0
              }
            ],
            "id": "sg-0ae591995aae204e9",
            "ingress": [],
            "name": "eks-modular-dev-eks-cluster-sg-20251112185451912400000001",
            "name_prefix": "eks-modular-dev-eks-cluster-sg-",
            "owner_id": "222575804024",
            "region": "eu-north-1",
            "revoke_rules_on_delete": false,
            "tags": {
              "Name": "eks-modular-dev-eks-cluster-sg"
            },
            "tags_all": {
              "Name": "eks-modular-dev-eks-cluster-sg"
            },
            "timeouts": null,
            "vpc_id": "vpc-051e6d4cf12fcf4b7"
          },
          "sensitive_attributes": [],
          "private": "eyJlMmJmYjczMC1lY2FhLTExZTYtOGY4OC0zNDM2M2JjN2M0YzAiOnsiY3JlYXRlIjo2MDAwMDAwMDAwMDAsImRlbGV0ZSI6OTAwMDAwMDAwMDAwfSwic2NoZW1hX3ZlcnNpb24iOiIxIn0=",
          "dependencies": [
            "module.vpc.aws_vpc.this"
          ]
        }
      ]
    },
    {
      "module": "module.sg",
      "mode": "managed",
      "type": "aws_security_group",
      "name": "eks_nodes",
      "provider": "provider[\"registry.terraform.io/hashicorp/aws\"]",
      "instances": [
        {
          "schema_version": 1,
          "attributes": {
            "arn": "arn:aws:ec2:eu-north-1:222575804024:security-group/sg-0bebf0a7d4441e24a",
            "description": "Security group for EKS worker nodes",
            "egress": [
              {
                "cidr_blocks": [
                  "0.0.0.0/0"
                ],
                "description": "",
                "from_port": 0,
                "ipv6_cidr_blocks": [],
                "prefix_list_ids": [],
                "protocol": "-1",
                "security_groups": [],
                "self": false,
                "to_port": 0
              }
            ],
            "id": "sg-0bebf0a7d4441e24a",
            "ingress": [
              {
                "cidr_blocks": [
                  "0.0.0.0/0"
                ],
                "description": "Traffic from NGINX LoadBalancer to worker nodes",
                "from_port": 30000,
                "ipv6_cidr_blocks": [],
                "prefix_list_ids": [],
                "protocol": "tcp",
                "security_groups": [],
                "self": false,
                "to_port": 32767
              },
              {
                "cidr_blocks": [],
                "description": "Allow node-to-node \u0026 pod-to-pod communication",
                "from_port": 0,
                "ipv6_cidr_blocks": [],
                "prefix_list_ids": [],
                "protocol": "-1",
                "security_groups": [],
                "self": true,
                "to_port": 0
              }
            ],
            "name": "eks-modular-dev-eks-nodes-sg-20251112185451939800000002",
            "name_prefix": "eks-modular-dev-eks-nodes-sg-",
            "owner_id": "222575804024",
            "region": "eu-north-1",
            "revoke_rules_on_delete": false,
            "tags": {
              "Name": "eks-modular-dev-eks-nodes-sg"
            },
            "tags_all": {
              "Name": "eks-modular-dev-eks-nodes-sg"
            },
            "timeouts": null,
            "vpc_id": "vpc-051e6d4cf12fcf4b7"
          },
          "sensitive_attributes": [],
          "private": "eyJlMmJmYjczMC1lY2FhLTExZTYtOGY4OC0zNDM2M2JjN2M0YzAiOnsiY3JlYXRlIjo2MDAwMDAwMDAwMDAsImRlbGV0ZSI6OTAwMDAwMDAwMDAwfSwic2NoZW1hX3ZlcnNpb24iOiIxIn0=",
          "dependencies": [
            "module.vpc.aws_vpc.this"
          ]
        }
      ]
    },
    {
      "module": "module.sg",
      "mode": "managed",
      "type": "aws_security_group_rule",
      "name": "control_plane_to_nodes",
      "provider": "provider[\"registry.terraform.io/hashicorp/aws\"]",
      "instances": [
        {
          "schema_version": 2,
          "attributes": {
            "cidr_blocks": null,
            "description": "EKS control plane to node kubelet",
            "from_port": 1025,
            "id": "sgrule-1659032474",
            "ipv6_cidr_blocks": null,
            "prefix_list_ids": null,
            "protocol": "tcp",
            "region": "eu-north-1",
            "security_group_id": "sg-0bebf0a7d4441e24a",
            "security_group_rule_id": "sgr-0f65f9e21fefde95d",
            "self": false,
            "source_security_group_id": "sg-0ae591995aae204e9",
            "timeouts": null,
            "to_port": 65535,
            "type": "ingress"
          },
          "sensitive_attributes": [],
          "private": "eyJlMmJmYjczMC1lY2FhLTExZTYtOGY4OC0zNDM2M2JjN2M0YzAiOnsiY3JlYXRlIjozMDAwMDAwMDAwMDB9LCJzY2hlbWFfdmVyc2lvbiI6IjIifQ==",
          "dependencies": [
            "module.sg.aws_security_group.eks_cluster",
            "module.sg.aws_security_group.eks_nodes",
            "module.vpc.aws_vpc.this"
          ]
        }
      ]
    },
    {
      "module": "module.sg",
      "mode": "managed",
      "type": "aws_security_group_rule",
      "name": "control_plane_to_nodes_443",
      "provider": "provider[\"registry.terraform.io/hashicorp/aws\"]",
      "instances": [
        {
          "schema_version": 2,
          "attributes": {
            "cidr_blocks": null,
            "description": "Control plane to workers on port 443",
            "from_port": 443,
            "id": "sgrule-1812197059",
            "ipv6_cidr_blocks": null,
            "prefix_list_ids": null,
            "protocol": "tcp",
            "region": "eu-north-1",
            "security_group_id": "sg-0bebf0a7d4441e24a",
            "security_group_rule_id": "sgr-043756cfcd3b38457",
            "self": false,
            "source_security_group_id": "sg-0ae591995aae204e9",
            "timeouts": null,
            "to_port": 443,
            "type": "ingress"
          },
          "sensitive_attributes": [],
          "private": "eyJlMmJmYjczMC1lY2FhLTExZTYtOGY4OC0zNDM2M2JjN2M0YzAiOnsiY3JlYXRlIjozMDAwMDAwMDAwMDB9LCJzY2hlbWFfdmVyc2lvbiI6IjIifQ==",
          "dependencies": [
            "module.sg.aws_security_group.eks_cluster",
            "module.sg.aws_security_group.eks_nodes",
            "module.vpc.aws_vpc.this"
          ]
        }
      ]
    },
    {
      "module": "module.vpc",
      "mode": "managed",
      "type": "aws_eip",
      "name": "nat",
      "provider": "provider[\"registry.terraform.io/hashicorp/aws\"]",
      "instances": [
        {
          "index_key": "eu-north-1a",
          "schema_version": 0,
          "attributes": {
            "address": null,
            "allocation_id": "eipalloc-052b58f340731149b",
            "arn": "arn:aws:ec2:eu-north-1:222575804024:elastic-ip/eipalloc-052b58f340731149b",
            "associate_with_private_ip": null,
            "association_id": "eipassoc-0c14d608a7b8e60d0",
            "carrier_ip": "",
            "customer_owned_ip": "",
            "customer_owned_ipv4_pool": "",
            "domain": "vpc",
            "id": "eipalloc-052b58f340731149b",
            "instance": "",
            "ipam_pool_id": null,
            "network_border_group": "eu-north-1",
            "network_interface": "eni-05d711d847fb75dab",
            "private_dns": "ip-10-0-0-44.eu-north-1.compute.internal",
            "private_ip": "10.0.0.44",
            "ptr_record": "",
            "public_dns": "ec2-51-21-231-193.eu-north-1.compute.amazonaws.com",
            "public_ip": "51.21.231.193",
            "public_ipv4_pool": "amazon",
            "region": "eu-north-1",
            "tags": {
              "Name": "eks-modular-dev-eip-eu-north-1a"
            },
            "tags_all": {
              "Name": "eks-modular-dev-eip-eu-north-1a"
            },
            "timeouts": null
          },
          "sensitive_attributes": [],
          "private": "eyJlMmJmYjczMC1lY2FhLTExZTYtOGY4OC0zNDM2M2JjN2M0YzAiOnsiZGVsZXRlIjoxODAwMDAwMDAwMDAsInJlYWQiOjkwMDAwMDAwMDAwMCwidXBkYXRlIjozMDAwMDAwMDAwMDB9fQ==",
          "dependencies": [
            "module.vpc.aws_subnet.public",
            "module.vpc.aws_vpc.this"
          ]
        },
        {
          "index_key": "eu-north-1b",
          "schema_version": 0,
          "attributes": {
            "address": null,
            "allocation_id": "eipalloc-0671018b4ce46e6e1",
            "arn": "arn:aws:ec2:eu-north-1:222575804024:elastic-ip/eipalloc-0671018b4ce46e6e1",
            "associate_with_private_ip": null,
            "association_id": "eipassoc-0d640df999f9215e6",
            "carrier_ip": "",
            "customer_owned_ip": "",
            "customer_owned_ipv4_pool": "",
            "domain": "vpc",
            "id": "eipalloc-0671018b4ce46e6e1",
            "instance": "",
            "ipam_pool_id": null,
            "network_border_group": "eu-north-1",
            "network_interface": "eni-01375606b39c8780c",
            "private_dns": "ip-10-0-1-88.eu-north-1.compute.internal",
            "private_ip": "10.0.1.88",
            "ptr_record": "",
            "public_dns": "ec2-13-61-135-90.eu-north-1.compute.amazonaws.com",
            "public_ip": "13.61.135.90",
            "public_ipv4_pool": "amazon",
            "region": "eu-north-1",
            "tags": {
              "Name": "eks-modular-dev-eip-eu-north-1b"
            },
            "tags_all": {
              "Name": "eks-modular-dev-eip-eu-north-1b"
            },
            "timeouts": null
          },
          "sensitive_attributes": [],
          "private": "eyJlMmJmYjczMC1lY2FhLTExZTYtOGY4OC0zNDM2M2JjN2M0YzAiOnsiZGVsZXRlIjoxODAwMDAwMDAwMDAsInJlYWQiOjkwMDAwMDAwMDAwMCwidXBkYXRlIjozMDAwMDAwMDAwMDB9fQ==",
          "dependencies": [
            "module.vpc.aws_subnet.public",
            "module.vpc.aws_vpc.this"
          ]
        }
      ]
    },
    {
      "module": "module.vpc",
      "mode": "managed",
      "type": "aws_internet_gateway",
      "name": "igw",
      "provider": "provider[\"registry.terraform.io/hashicorp/aws\"]",
      "instances": [
        {
          "schema_version": 0,
          "attributes": {
            "arn": "arn:aws:ec2:eu-north-1:222575804024:internet-gateway/igw-0d0aa298f214d4c46",
            "id": "igw-0d0aa298f214d4c46",
            "owner_id": "222575804024",
            "region": "eu-north-1",
            "tags": {
              "Name": "eks-modular-dev-igw"
            },
            "tags_all": {
              "Name": "eks-modular-dev-igw"
            },
            "timeouts": null,
            "vpc_id": "vpc-051e6d4cf12fcf4b7"
          },
          "sensitive_attributes": [],
          "private": "eyJlMmJmYjczMC1lY2FhLTExZTYtOGY4OC0zNDM2M2JjN2M0YzAiOnsiY3JlYXRlIjoxMjAwMDAwMDAwMDAwLCJkZWxldGUiOjEyMDAwMDAwMDAwMDAsInVwZGF0ZSI6MTIwMDAwMDAwMDAwMH19",
          "dependencies": [
            "module.vpc.aws_vpc.this"
          ]
        }
      ]
    },
    {
      "module": "module.vpc",
      "mode": "managed",
      "type": "aws_nat_gateway",
      "name": "this",
      "provider": "provider[\"registry.terraform.io/hashicorp/aws\"]",
      "instances": [
        {
          "index_key": "eu-north-1a",
          "schema_version": 0,
          "attributes": {
            "allocation_id": "eipalloc-052b58f340731149b",
            "association_id": "eipassoc-0c14d608a7b8e60d0",
            "connectivity_type": "public",
            "id": "nat-0aa3f0c72aaf61795",
            "network_interface_id": "eni-05d711d847fb75dab",
            "private_ip": "10.0.0.44",
            "public_ip": "51.21.231.193",
            "region": "eu-north-1",
            "secondary_allocation_ids": [],
            "secondary_private_ip_address_count": 0,
            "secondary_private_ip_addresses": [],
            "subnet_id": "subnet-0b42970ef1c55f9c5",
            "tags": {
              "Name": "eks-modular-dev-nat-eu-north-1a"
            },
            "tags_all": {
              "Name": "eks-modular-dev-nat-eu-north-1a"
            },
            "timeouts": null
          },
          "sensitive_attributes": [],
          "private": "eyJlMmJmYjczMC1lY2FhLTExZTYtOGY4OC0zNDM2M2JjN2M0YzAiOnsiY3JlYXRlIjo2MDAwMDAwMDAwMDAsImRlbGV0ZSI6MTgwMDAwMDAwMDAwMCwidXBkYXRlIjo2MDAwMDAwMDAwMDB9fQ==",
          "dependencies": [
            "module.vpc.aws_eip.nat",
            "module.vpc.aws_internet_gateway.igw",
            "module.vpc.aws_subnet.public",
            "module.vpc.aws_vpc.this"
          ]
        },
        {
          "index_key": "eu-north-1b",
          "schema_version": 0,
          "attributes": {
            "allocation_id": "eipalloc-0671018b4ce46e6e1",
            "association_id": "eipassoc-0d640df999f9215e6",
            "connectivity_type": "public",
            "id": "nat-034884bfdd42a2553",
            "network_interface_id": "eni-01375606b39c8780c",
            "private_ip": "10.0.1.88",
            "public_ip": "13.61.135.90",
            "region": "eu-north-1",
            "secondary_allocation_ids": [],
            "secondary_private_ip_address_count": 0,
            "secondary_private_ip_addresses": [],
            "subnet_id": "subnet-0ace86bf0d2dcdf01",
            "tags": {
              "Name": "eks-modular-dev-nat-eu-north-1b"
            },
            "tags_all": {
              "Name": "eks-modular-dev-nat-eu-north-1b"
            },
            "timeouts": null
          },
          "sensitive_attributes": [],
          "private": "eyJlMmJmYjczMC1lY2FhLTExZTYtOGY4OC0zNDM2M2JjN2M0YzAiOnsiY3JlYXRlIjo2MDAwMDAwMDAwMDAsImRlbGV0ZSI6MTgwMDAwMDAwMDAwMCwidXBkYXRlIjo2MDAwMDAwMDAwMDB9fQ==",
          "dependencies": [
            "module.vpc.aws_eip.nat",
            "module.vpc.aws_internet_gateway.igw",
            "module.vpc.aws_subnet.public",
            "module.vpc.aws_vpc.this"
          ]
        }
      ]
    },
    {
      "module": "module.vpc",
      "mode": "managed",
      "type": "aws_route_table",
      "name": "private",
      "provider": "provider[\"registry.terraform.io/hashicorp/aws\"]",
      "instances": [
        {
          "index_key": "eu-north-1a",
          "schema_version": 0,
          "attributes": {
            "arn": "arn:aws:ec2:eu-north-1:222575804024:route-table/rtb-0ef0c9353f2950423",
            "id": "rtb-0ef0c9353f2950423",
            "owner_id": "222575804024",
            "propagating_vgws": [],
            "region": "eu-north-1",
            "route": [
              {
                "carrier_gateway_id": "",
                "cidr_block": "0.0.0.0/0",
                "core_network_arn": "",
                "destination_prefix_list_id": "",
                "egress_only_gateway_id": "",
                "gateway_id": "",
                "ipv6_cidr_block": "",
                "local_gateway_id": "",
                "nat_gateway_id": "nat-0aa3f0c72aaf61795",
                "network_interface_id": "",
                "transit_gateway_id": "",
                "vpc_endpoint_id": "",
                "vpc_peering_connection_id": ""
              }
            ],
            "tags": {
              "Name": "eks-modular-dev-private-rt-eu-north-1a"
            },
            "tags_all": {
              "Name": "eks-modular-dev-private-rt-eu-north-1a"
            },
            "timeouts": null,
            "vpc_id": "vpc-051e6d4cf12fcf4b7"
          },
          "sensitive_attributes": [],
          "private": "eyJlMmJmYjczMC1lY2FhLTExZTYtOGY4OC0zNDM2M2JjN2M0YzAiOnsiY3JlYXRlIjozMDAwMDAwMDAwMDAsImRlbGV0ZSI6MzAwMDAwMDAwMDAwLCJ1cGRhdGUiOjEyMDAwMDAwMDAwMH19",
          "dependencies": [
            "module.vpc.aws_eip.nat",
            "module.vpc.aws_internet_gateway.igw",
            "module.vpc.aws_nat_gateway.this",
            "module.vpc.aws_subnet.private",
            "module.vpc.aws_subnet.public",
            "module.vpc.aws_vpc.this"
          ]
        },
        {
          "index_key": "eu-north-1b",
          "schema_version": 0,
          "attributes": {
            "arn": "arn:aws:ec2:eu-north-1:222575804024:route-table/rtb-08ea296ada393e977",
            "id": "rtb-08ea296ada393e977",
            "owner_id": "222575804024",
            "propagating_vgws": [],
            "region": "eu-north-1",
            "route": [
              {
                "carrier_gateway_id": "",
                "cidr_block": "0.0.0.0/0",
                "core_network_arn": "",
                "destination_prefix_list_id": "",
                "egress_only_gateway_id": "",
                "gateway_id": "",
                "ipv6_cidr_block": "",
                "local_gateway_id": "",
                "nat_gateway_id": "nat-034884bfdd42a2553",
                "network_interface_id": "",
                "transit_gateway_id": "",
                "vpc_endpoint_id": "",
                "vpc_peering_connection_id": ""
              }
            ],
            "tags": {
              "Name": "eks-modular-dev-private-rt-eu-north-1b"
            },
            "tags_all": {
              "Name": "eks-modular-dev-private-rt-eu-north-1b"
            },
            "timeouts": null,
            "vpc_id": "vpc-051e6d4cf12fcf4b7"
          },
          "sensitive_attributes": [],
          "private": "eyJlMmJmYjczMC1lY2FhLTExZTYtOGY4OC0zNDM2M2JjN2M0YzAiOnsiY3JlYXRlIjozMDAwMDAwMDAwMDAsImRlbGV0ZSI6MzAwMDAwMDAwMDAwLCJ1cGRhdGUiOjEyMDAwMDAwMDAwMH19",
          "dependencies": [
            "module.vpc.aws_eip.nat",
            "module.vpc.aws_internet_gateway.igw",
            "module.vpc.aws_nat_gateway.this",
            "module.vpc.aws_subnet.private",
            "module.vpc.aws_subnet.public",
            "module.vpc.aws_vpc.this"
          ]
        }
      ]
    },
    {
      "module": "module.vpc",
      "mode": "managed",
      "type": "aws_route_table",
      "name": "public",
      "provider": "provider[\"registry.terraform.io/hashicorp/aws\"]",
      "instances": [
        {
          "schema_version": 0,
          "attributes": {
            "arn": "arn:aws:ec2:eu-north-1:222575804024:route-table/rtb-0c3b63b180ffb7782",
            "id": "rtb-0c3b63b180ffb7782",
            "owner_id": "222575804024",
            "propagating_vgws": [],
            "region": "eu-north-1",
            "route": [
              {
                "carrier_gateway_id": "",
                "cidr_block": "0.0.0.0/0",
                "core_network_arn": "",
                "destination_prefix_list_id": "",
                "egress_only_gateway_id": "",
                "gateway_id": "igw-0d0aa298f214d4c46",
                "ipv6_cidr_block": "",
                "local_gateway_id": "",
                "nat_gateway_id": "",
                "network_interface_id": "",
                "transit_gateway_id": "",
                "vpc_endpoint_id": "",
                "vpc_peering_connection_id": ""
              }
            ],
            "tags": {
              "Name": "eks-modular-dev-public-rt"
            },
            "tags_all": {
              "Name": "eks-modular-dev-public-rt"
            },
            "timeouts": null,
            "vpc_id": "vpc-051e6d4cf12fcf4b7"
          },
          "sensitive_attributes": [],
          "private": "eyJlMmJmYjczMC1lY2FhLTExZTYtOGY4OC0zNDM2M2JjN2M0YzAiOnsiY3JlYXRlIjozMDAwMDAwMDAwMDAsImRlbGV0ZSI6MzAwMDAwMDAwMDAwLCJ1cGRhdGUiOjEyMDAwMDAwMDAwMH19",
          "dependencies": [
            "module.vpc.aws_internet_gateway.igw",
            "module.vpc.aws_vpc.this"
          ]
        }
      ]
    },
    {
      "module": "module.vpc",
      "mode": "managed",
      "type": "aws_route_table_association",
      "name": "private_assoc",
      "provider": "provider[\"registry.terraform.io/hashicorp/aws\"]",
      "instances": [
        {
          "index_key": "eu-north-1a",
          "schema_version": 0,
          "attributes": {
            "gateway_id": "",
            "id": "rtbassoc-088cb769c76245551",
            "region": "eu-north-1",
            "route_table_id": "rtb-0ef0c9353f2950423",
            "subnet_id": "subnet-0ada2b7c8ed5d33e2",
            "timeouts": null
          },
          "sensitive_attributes": [],
          "private": "eyJlMmJmYjczMC1lY2FhLTExZTYtOGY4OC0zNDM2M2JjN2M0YzAiOnsiY3JlYXRlIjozMDAwMDAwMDAwMDAsImRlbGV0ZSI6MzAwMDAwMDAwMDAwLCJ1cGRhdGUiOjEyMDAwMDAwMDAwMH19",
          "dependencies": [
            "module.vpc.aws_eip.nat",
            "module.vpc.aws_internet_gateway.igw",
            "module.vpc.aws_nat_gateway.this",
            "module.vpc.aws_route_table.private",
            "module.vpc.aws_subnet.private",
            "module.vpc.aws_subnet.public",
            "module.vpc.aws_vpc.this"
          ]
        },
        {
          "index_key": "eu-north-1b",
          "schema_version": 0,
          "attributes": {
            "gateway_id": "",
            "id": "rtbassoc-0dd77b18cb5ae0bb9",
            "region": "eu-north-1",
            "route_table_id": "rtb-08ea296ada393e977",
            "subnet_id": "subnet-0138f106a61e3f7cb",
            "timeouts": null
          },
          "sensitive_attributes": [],
          "private": "eyJlMmJmYjczMC1lY2FhLTExZTYtOGY4OC0zNDM2M2JjN2M0YzAiOnsiY3JlYXRlIjozMDAwMDAwMDAwMDAsImRlbGV0ZSI6MzAwMDAwMDAwMDAwLCJ1cGRhdGUiOjEyMDAwMDAwMDAwMH19",
          "dependencies": [
            "module.vpc.aws_eip.nat",
            "module.vpc.aws_internet_gateway.igw",
            "module.vpc.aws_nat_gateway.this",
            "module.vpc.aws_route_table.private",
            "module.vpc.aws_subnet.private",
            "module.vpc.aws_subnet.public",
            "module.vpc.aws_vpc.this"
          ]
        }
      ]
    },
    {
      "module": "module.vpc",
      "mode": "managed",
      "type": "aws_route_table_association",
      "name": "public_assoc",
      "provider": "provider[\"registry.terraform.io/hashicorp/aws\"]",
      "instances": [
        {
          "index_key": "eu-north-1a",
          "schema_version": 0,
          "attributes": {
            "gateway_id": "",
            "id": "rtbassoc-0df32228c7b45da5f",
            "region": "eu-north-1",
            "route_table_id": "rtb-0c3b63b180ffb7782",
            "subnet_id": "subnet-0b42970ef1c55f9c5",
            "timeouts": null
          },
          "sensitive_attributes": [],
          "private": "eyJlMmJmYjczMC1lY2FhLTExZTYtOGY4OC0zNDM2M2JjN2M0YzAiOnsiY3JlYXRlIjozMDAwMDAwMDAwMDAsImRlbGV0ZSI6MzAwMDAwMDAwMDAwLCJ1cGRhdGUiOjEyMDAwMDAwMDAwMH19",
          "dependencies": [
            "module.vpc.aws_internet_gateway.igw",
            "module.vpc.aws_route_table.public",
            "module.vpc.aws_subnet.public",
            "module.vpc.aws_vpc.this"
          ]
        },
        {
          "index_key": "eu-north-1b",
          "schema_version": 0,
          "attributes": {
            "gateway_id": "",
            "id": "rtbassoc-0bcc785c28e75fa03",
            "region": "eu-north-1",
            "route_table_id": "rtb-0c3b63b180ffb7782",
            "subnet_id": "subnet-0ace86bf0d2dcdf01",
            "timeouts": null
          },
          "sensitive_attributes": [],
          "private": "eyJlMmJmYjczMC1lY2FhLTExZTYtOGY4OC0zNDM2M2JjN2M0YzAiOnsiY3JlYXRlIjozMDAwMDAwMDAwMDAsImRlbGV0ZSI6MzAwMDAwMDAwMDAwLCJ1cGRhdGUiOjEyMDAwMDAwMDAwMH19",
          "dependencies": [
            "module.vpc.aws_internet_gateway.igw",
            "module.vpc.aws_route_table.public",
            "module.vpc.aws_subnet.public",
            "module.vpc.aws_vpc.this"
          ]
        }
      ]
    },
    {
      "module": "module.vpc",
      "mode": "managed",
      "type": "aws_subnet",
      "name": "private",
      "provider": "provider[\"registry.terraform.io/hashicorp/aws\"]",
      "instances": [
        {
          "index_key": "eu-north-1a",
          "schema_version": 1,
          "attributes": {
            "arn": "arn:aws:ec2:eu-north-1:222575804024:subnet/subnet-0ada2b7c8ed5d33e2",
            "assign_ipv6_address_on_creation": false,
            "availability_zone": "eu-north-1a",
            "availability_zone_id": "eun1-az1",
            "cidr_block": "10.0.10.0/24",
            "customer_owned_ipv4_pool": "",
            "enable_dns64": false,
            "enable_lni_at_device_index": 0,
            "enable_resource_name_dns_a_record_on_launch": false,
            "enable_resource_name_dns_aaaa_record_on_launch": false,
            "id": "subnet-0ada2b7c8ed5d33e2",
            "ipv6_cidr_block": "",
            "ipv6_cidr_block_association_id": "",
            "ipv6_native": false,
            "map_customer_owned_ip_on_launch": false,
            "map_public_ip_on_launch": false,
            "outpost_arn": "",
            "owner_id": "222575804024",
            "private_dns_hostname_type_on_launch": "ip-name",
            "region": "eu-north-1",
            "tags": {
              "Name": "eks-modular-dev-private-eu-north-1a",
              "kubernetes.io/cluster/eks-pvt-cluster": "shared",
              "kubernetes.io/role/internal-elb": "1"
            },
            "tags_all": {
              "Name": "eks-modular-dev-private-eu-north-1a",
              "kubernetes.io/cluster/eks-pvt-cluster": "shared",
              "kubernetes.io/role/internal-elb": "1"
            },
            "timeouts": null,
            "vpc_id": "vpc-051e6d4cf12fcf4b7"
          },
          "sensitive_attributes": [],
          "private": "eyJlMmJmYjczMC1lY2FhLTExZTYtOGY4OC0zNDM2M2JjN2M0YzAiOnsiY3JlYXRlIjo2MDAwMDAwMDAwMDAsImRlbGV0ZSI6MTIwMDAwMDAwMDAwMH0sInNjaGVtYV92ZXJzaW9uIjoiMSJ9",
          "dependencies": [
            "module.vpc.aws_vpc.this"
          ]
        },
        {
          "index_key": "eu-north-1b",
          "schema_version": 1,
          "attributes": {
            "arn": "arn:aws:ec2:eu-north-1:222575804024:subnet/subnet-0138f106a61e3f7cb",
            "assign_ipv6_address_on_creation": false,
            "availability_zone": "eu-north-1b",
            "availability_zone_id": "eun1-az2",
            "cidr_block": "10.0.11.0/24",
            "customer_owned_ipv4_pool": "",
            "enable_dns64": false,
            "enable_lni_at_device_index": 0,
            "enable_resource_name_dns_a_record_on_launch": false,
            "enable_resource_name_dns_aaaa_record_on_launch": false,
            "id": "subnet-0138f106a61e3f7cb",
            "ipv6_cidr_block": "",
            "ipv6_cidr_block_association_id": "",
            "ipv6_native": false,
            "map_customer_owned_ip_on_launch": false,
            "map_public_ip_on_launch": false,
            "outpost_arn": "",
            "owner_id": "222575804024",
            "private_dns_hostname_type_on_launch": "ip-name",
            "region": "eu-north-1",
            "tags": {
              "Name": "eks-modular-dev-private-eu-north-1b",
              "kubernetes.io/cluster/eks-pvt-cluster": "shared",
              "kubernetes.io/role/internal-elb": "1"
            },
            "tags_all": {
              "Name": "eks-modular-dev-private-eu-north-1b",
              "kubernetes.io/cluster/eks-pvt-cluster": "shared",
              "kubernetes.io/role/internal-elb": "1"
            },
            "timeouts": null,
            "vpc_id": "vpc-051e6d4cf12fcf4b7"
          },
          "sensitive_attributes": [],
          "private": "eyJlMmJmYjczMC1lY2FhLTExZTYtOGY4OC0zNDM2M2JjN2M0YzAiOnsiY3JlYXRlIjo2MDAwMDAwMDAwMDAsImRlbGV0ZSI6MTIwMDAwMDAwMDAwMH0sInNjaGVtYV92ZXJzaW9uIjoiMSJ9",
          "dependencies": [
            "module.vpc.aws_vpc.this"
          ]
        }
      ]
    },
    {
      "module": "module.vpc",
      "mode": "managed",
      "type": "aws_subnet",
      "name": "public",
      "provider": "provider[\"registry.terraform.io/hashicorp/aws\"]",
      "instances": [
        {
          "index_key": "eu-north-1a",
          "schema_version": 1,
          "attributes": {
            "arn": "arn:aws:ec2:eu-north-1:222575804024:subnet/subnet-0b42970ef1c55f9c5",
            "assign_ipv6_address_on_creation": false,
            "availability_zone": "eu-north-1a",
            "availability_zone_id": "eun1-az1",
            "cidr_block": "10.0.0.0/24",
            "customer_owned_ipv4_pool": "",
            "enable_dns64": false,
            "enable_lni_at_device_index": 0,
            "enable_resource_name_dns_a_record_on_launch": false,
            "enable_resource_name_dns_aaaa_record_on_launch": false,
            "id": "subnet-0b42970ef1c55f9c5",
            "ipv6_cidr_block": "",
            "ipv6_cidr_block_association_id": "",
            "ipv6_native": false,
            "map_customer_owned_ip_on_launch": false,
            "map_public_ip_on_launch": true,
            "outpost_arn": "",
            "owner_id": "222575804024",
            "private_dns_hostname_type_on_launch": "ip-name",
            "region": "eu-north-1",
            "tags": {
              "Name": "eks-modular-dev-public-eu-north-1a",
              "kubernetes.io/cluster/eks-pvt-cluster": "shared",
              "kubernetes.io/role/elb": "1"
            },
            "tags_all": {
              "Name": "eks-modular-dev-public-eu-north-1a",
              "kubernetes.io/cluster/eks-pvt-cluster": "shared",
              "kubernetes.io/role/elb": "1"
            },
            "timeouts": null,
            "vpc_id": "vpc-051e6d4cf12fcf4b7"
          },
          "sensitive_attributes": [],
          "private": "eyJlMmJmYjczMC1lY2FhLTExZTYtOGY4OC0zNDM2M2JjN2M0YzAiOnsiY3JlYXRlIjo2MDAwMDAwMDAwMDAsImRlbGV0ZSI6MTIwMDAwMDAwMDAwMH0sInNjaGVtYV92ZXJzaW9uIjoiMSJ9",
          "dependencies": [
            "module.vpc.aws_vpc.this"
          ]
        },
        {
          "index_key": "eu-north-1b",
          "schema_version": 1,
          "attributes": {
            "arn": "arn:aws:ec2:eu-north-1:222575804024:subnet/subnet-0ace86bf0d2dcdf01",
            "assign_ipv6_address_on_creation": false,
            "availability_zone": "eu-north-1b",
            "availability_zone_id": "eun1-az2",
            "cidr_block": "10.0.1.0/24",
            "customer_owned_ipv4_pool": "",
            "enable_dns64": false,
            "enable_lni_at_device_index": 0,
            "enable_resource_name_dns_a_record_on_launch": false,
            "enable_resource_name_dns_aaaa_record_on_launch": false,
            "id": "subnet-0ace86bf0d2dcdf01",
            "ipv6_cidr_block": "",
            "ipv6_cidr_block_association_id": "",
            "ipv6_native": false,
            "map_customer_owned_ip_on_launch": false,
            "map_public_ip_on_launch": true,
            "outpost_arn": "",
            "owner_id": "222575804024",
            "private_dns_hostname_type_on_launch": "ip-name",
            "region": "eu-north-1",
            "tags": {
              "Name": "eks-modular-dev-public-eu-north-1b",
              "kubernetes.io/cluster/eks-pvt-cluster": "shared",
              "kubernetes.io/role/elb": "1"
            },
            "tags_all": {
              "Name": "eks-modular-dev-public-eu-north-1b",
              "kubernetes.io/cluster/eks-pvt-cluster": "shared",
              "kubernetes.io/role/elb": "1"
            },
            "timeouts": null,
            "vpc_id": "vpc-051e6d4cf12fcf4b7"
          },
          "sensitive_attributes": [],
          "private": "eyJlMmJmYjczMC1lY2FhLTExZTYtOGY4OC0zNDM2M2JjN2M0YzAiOnsiY3JlYXRlIjo2MDAwMDAwMDAwMDAsImRlbGV0ZSI6MTIwMDAwMDAwMDAwMH0sInNjaGVtYV92ZXJzaW9uIjoiMSJ9",
          "dependencies": [
            "module.vpc.aws_vpc.this"
          ]
        }
      ]
    },
    {
      "module": "module.vpc",
      "mode": "managed",
      "type": "aws_vpc",
      "name": "this",
      "provider": "provider[\"registry.terraform.io/hashicorp/aws\"]",
      "instances": [
        {
          "schema_version": 1,
          "attributes": {
            "arn": "arn:aws:ec2:eu-north-1:222575804024:vpc/vpc-051e6d4cf12fcf4b7",
            "assign_generated_ipv6_cidr_block": false,
            "cidr_block": "10.0.0.0/16",
            "default_network_acl_id": "acl-0a8fd01e8e1607dfb",
            "default_route_table_id": "rtb-07013e4b52281e388",
            "default_security_group_id": "sg-03044362f0ea867d0",
            "dhcp_options_id": "dopt-05c58014de560913c",
            "enable_dns_hostnames": true,
            "enable_dns_support": true,
            "enable_network_address_usage_metrics": false,
            "id": "vpc-051e6d4cf12fcf4b7",
            "instance_tenancy": "default",
            "ipv4_ipam_pool_id": null,
            "ipv4_netmask_length": null,
            "ipv6_association_id": "",
            "ipv6_cidr_block": "",
            "ipv6_cidr_block_network_border_group": "",
            "ipv6_ipam_pool_id": "",
            "ipv6_netmask_length": 0,
            "main_route_table_id": "rtb-07013e4b52281e388",
            "owner_id": "222575804024",
            "region": "eu-north-1",
            "tags": {
              "Name": "eks-modular-dev-vpc"
            },
            "tags_all": {
              "Name": "eks-modular-dev-vpc"
            }
          },
          "sensitive_attributes": [],
          "private": "eyJzY2hlbWFfdmVyc2lvbiI6IjEifQ=="
        }
      ]
    }
  ],
  "check_results": null
}
